
Microsoft Visual Studio Solution File, Format Version 12.00
# Visual Studio Version 16
VisualStudioVersion = 16.0.30517.126
MinimumVisualStudioVersion = 10.0.40219.1
Project("{FAE04EC0-301F-11D3-BF4B-00C04F79EFBC}") = "NoteBook.BLL", "NoteBook.BLL\NoteBook.BLL.csproj", "{5A1F4F83-E488-4C96-8319-AE54C9377D60}"
EndProject
Project("{FAE04EC0-301F-11D3-BF4B-00C04F79EFBC}") = "NoteBook.BLL.Interface", "NoteBook.BLL.Interface\NoteBook.BLL.Interface.csproj", "{9C673CE4-33FD-4027-A797-673FDF7B463B}"
EndProject
Project("{FAE04EC0-301F-11D3-BF4B-00C04F79EFBC}") = "NoteBook.DAL", "NoteBook.DAL\NoteBook.DAL.csproj", "{00BD728C-8325-4D92-8CFD-F2159CA2FAC1}"
EndProject
Project("{FAE04EC0-301F-11D3-BF4B-00C04F79EFBC}") = "NoteBook.DAL.Interface", "NoteBook.DAL.Interface\NoteBook.DAL.Interface.csproj", "{058656DE-CFB0-4F8A-81EA-DE598214169E}"
EndProject
Project("{2150E333-8FDC-42A3-9474-1A3956D46DE8}") = "PL", "PL", "{B62176D5-8ED4-43B2-8E44-ECEC630CCC5F}"
EndProject
Project("{2150E333-8FDC-42A3-9474-1A3956D46DE8}") = "DAL", "DAL", "{A5B6322C-2B9F-45D8-ADA5-FF6FC19FC574}"
EndProject
Project("{2150E333-8FDC-42A3-9474-1A3956D46DE8}") = "BLL", "BLL", "{C07B6248-CEC3-4714-A531-7C0877873D6B}"
EndProject
Project("{2150E333-8FDC-42A3-9474-1A3956D46DE8}") = "Common", "Common", "{7A57FB8E-720D-4583-B5CE-B34BBF519618}"
EndProject
Project("{FAE04EC0-301F-11D3-BF4B-00C04F79EFBC}") = "Entities", "Entities\Entities.csproj", "{78FCB778-7D55-41DB-AF7F-AB0A27F1F968}"
EndProject
Project("{FAE04EC0-301F-11D3-BF4B-00C04F79EFBC}") = "NoteBook.PL", "NoteBook.PL\NoteBook.PL.csproj", "{19E2B30B-E4A9-4DA4-8CD7-C2531F1A46C6}"
EndProject
Project("{FAE04EC0-301F-11D3-BF4B-00C04F79EFBC}") = "ResolverNinJect", "ResolverNinJect\ResolverNinJect.csproj", "{8C661471-1AC9-4867-8B6A-2913C539186C}"
EndProject
Global
	GlobalSection(SolutionConfigurationPlatforms) = preSolution
		Debug|Any CPU = Debug|Any CPU
		Release|Any CPU = Release|Any CPU
	EndGlobalSection
	GlobalSection(ProjectConfigurationPlatforms) = postSolution
		{5A1F4F83-E488-4C96-8319-AE54C9377D60}.Debug|Any CPU.ActiveCfg = Debug|Any CPU
		{5A1F4F83-E488-4C96-8319-AE54C9377D60}.Debug|Any CPU.Build.0 = Debug|Any CPU
		{5A1F4F83-E488-4C96-8319-AE54C9377D60}.Release|Any CPU.ActiveCfg = Release|Any CPU
		{5A1F4F83-E488-4C96-8319-AE54C9377D60}.Release|Any CPU.Build.0 = Release|Any CPU
		{9C673CE4-33FD-4027-A797-673FDF7B463B}.Debug|Any CPU.ActiveCfg = Debug|Any CPU
		{9C673CE4-33FD-4027-A797-673FDF7B463B}.Debug|Any CPU.Build.0 = Debug|Any CPU
		{9C673CE4-33FD-4027-A797-673FDF7B463B}.Release|Any CPU.ActiveCfg = Release|Any CPU
		{9C673CE4-33FD-4027-A797-673FDF7B463B}.Release|Any CPU.Build.0 = Release|Any CPU
		{00BD728C-8325-4D92-8CFD-F2159CA2FAC1}.Debug|Any CPU.ActiveCfg = Debug|Any CPU
		{00BD728C-8325-4D92-8CFD-F2159CA2FAC1}.Debug|Any CPU.Build.0 = Debug|Any CPU
		{00BD728C-8325-4D92-8CFD-F2159CA2FAC1}.Release|Any CPU.ActiveCfg = Release|Any CPU
		{00BD728C-8325-4D92-8CFD-F2159CA2FAC1}.Release|Any CPU.Build.0 = Release|Any CPU
		{058656DE-CFB0-4F8A-81EA-DE598214169E}.Debug|Any CPU.ActiveCfg = Debug|Any CPU
		{058656DE-CFB0-4F8A-81EA-DE598214169E}.Debug|Any CPU.Build.0 = Debug|Any CPU
		{058656DE-CFB0-4F8A-81EA-DE598214169E}.Release|Any CPU.ActiveCfg = Release|Any CPU
		{058656DE-CFB0-4F8A-81EA-DE598214169E}.Release|Any CPU.Build.0 = Release|Any CPU
		{78FCB778-7D55-41DB-AF7F-AB0A27F1F968}.Debug|Any CPU.ActiveCfg = Debug|Any CPU
		{78FCB778-7D55-41DB-AF7F-AB0A27F1F968}.Debug|Any CPU.Build.0 = Debug|Any CPU
		{78FCB778-7D55-41DB-AF7F-AB0A27F1F968}.Release|Any CPU.ActiveCfg = Release|Any CPU
		{78FCB778-7D55-41DB-AF7F-AB0A27F1F968}.Release|Any CPU.Build.0 = Release|Any CPU
		{19E2B30B-E4A9-4DA4-8CD7-C2531F1A46C6}.Debug|Any CPU.ActiveCfg = Debug|Any CPU
		{19E2B30B-E4A9-4DA4-8CD7-C2531F1A46C6}.Debug|Any CPU.Build.0 = Debug|Any CPU
		{19E2B30B-E4A9-4DA4-8CD7-C2531F1A46C6}.Release|Any CPU.ActiveCfg = Release|Any CPU
		{19E2B30B-E4A9-4DA4-8CD7-C2531F1A46C6}.Release|Any CPU.Build.0 = Release|Any CPU
		{8C661471-1AC9-4867-8B6A-2913C539186C}.Debug|Any CPU.ActiveCfg = Debug|Any CPU
		{8C661471-1AC9-4867-8B6A-2913C539186C}.Debug|Any CPU.Build.0 = Debug|Any CPU
		{8C661471-1AC9-4867-8B6A-2913C539186C}.Release|Any CPU.ActiveCfg = Release|Any CPU
		{8C661471-1AC9-4867-8B6A-2913C539186C}.Release|Any CPU.Build.0 = Release|Any CPU
	EndGlobalSection
	GlobalSection(SolutionProperties) = preSolution
		HideSolutionNode = FALSE
	EndGlobalSection
	GlobalSection(NestedProjects) = preSolution
		{5A1F4F83-E488-4C96-8319-AE54C9377D60} = {C07B6248-CEC3-4714-A531-7C0877873D6B}
		{9C673CE4-33FD-4027-A797-673FDF7B463B} = {C07B6248-CEC3-4714-A531-7C0877873D6B}
		{00BD728C-8325-4D92-8CFD-F2159CA2FAC1} = {A5B6322C-2B9F-45D8-ADA5-FF6FC19FC574}
		{058656DE-CFB0-4F8A-81EA-DE598214169E} = {A5B6322C-2B9F-45D8-ADA5-FF6FC19FC574}
		{78FCB778-7D55-41DB-AF7F-AB0A27F1F968} = {7A57FB8E-720D-4583-B5CE-B34BBF519618}
		{19E2B30B-E4A9-4DA4-8CD7-C2531F1A46C6} = {B62176D5-8ED4-43B2-8E44-ECEC630CCC5F}
		{8C661471-1AC9-4867-8B6A-2913C539186C} = {7A57FB8E-720D-4583-B5CE-B34BBF519618}
	EndGlobalSection
	GlobalSection(ExtensibilityGlobals) = postSolution
		SolutionGuid = {876C99E3-6B6E-4052-898C-871BF3102998}
	EndGlobalSection
EndGlobal
